
Microsoft Visual Studio Solution File, Format Version 12.00
# Visual Studio Version 17
VisualStudioVersion = 17.5.002.0
MinimumVisualStudioVersion = 10.0.40219.1
Project("{9A19103F-16F7-4668-BE54-9A1E7A4F7556}") = "01-Recapi_JsonSerialization", "01-JsonSerialization\01-Recapi_JsonSerialization.csproj", "{7B477C9D-9079-4D51-A5BC-2F5B6663496C}"
EndProject
Project("{9A19103F-16F7-4668-BE54-9A1E7A4F7556}") = "02-EfCore_Demo", "02-EfCore\02-EfCore_Demo.csproj", "{EF7C909A-A8B4-4BEC-8709-373F65AD2864}"
EndProject
Global
	GlobalSection(SolutionConfigurationPlatforms) = preSolution
		Debug|Any CPU = Debug|Any CPU
		Release|Any CPU = Release|Any CPU
	EndGlobalSection
	GlobalSection(ProjectConfigurationPlatforms) = postSolution
		{7B477C9D-9079-4D51-A5BC-2F5B6663496C}.Debug|Any CPU.ActiveCfg = Debug|Any CPU
		{7B477C9D-9079-4D51-A5BC-2F5B6663496C}.Debug|Any CPU.Build.0 = Debug|Any CPU
		{7B477C9D-9079-4D51-A5BC-2F5B6663496C}.Release|Any CPU.ActiveCfg = Release|Any CPU
		{7B477C9D-9079-4D51-A5BC-2F5B6663496C}.Release|Any CPU.Build.0 = Release|Any CPU
		{EF7C909A-A8B4-4BEC-8709-373F65AD2864}.Debug|Any CPU.ActiveCfg = Debug|Any CPU
		{EF7C909A-A8B4-4BEC-8709-373F65AD2864}.Debug|Any CPU.Build.0 = Debug|Any CPU
		{EF7C909A-A8B4-4BEC-8709-373F65AD2864}.Release|Any CPU.ActiveCfg = Release|Any CPU
		{EF7C909A-A8B4-4BEC-8709-373F65AD2864}.Release|Any CPU.Build.0 = Release|Any CPU
	EndGlobalSection
	GlobalSection(SolutionProperties) = preSolution
		HideSolutionNode = FALSE
	EndGlobalSection
	GlobalSection(ExtensibilityGlobals) = postSolution
		SolutionGuid = {31107F62-263C-4F17-B907-8B008E960BD4}
	EndGlobalSection
EndGlobal
